
Microsoft Visual Studio Solution File, Format Version 12.00
# Visual Studio 2012
Project("{8BC9CEB8-8B4A-11D0-8D11-00A0C91BC942}") = "wand-engine", "wand-engine.vcxproj", "{3E841CBD-D279-40F5-9AE5-09C56D7A901C}"
EndProject
Global
	GlobalSection(SolutionConfigurationPlatforms) = preSolution
		Debug|Win32 = Debug|Win32
		Release|Win32 = Release|Win32
	EndGlobalSection
	GlobalSection(ProjectConfigurationPlatforms) = postSolution
		{3E841CBD-D279-40F5-9AE5-09C56D7A901C}.Debug|Win32.ActiveCfg = Debug|Win32
		{3E841CBD-D279-40F5-9AE5-09C56D7A901C}.Debug|Win32.Build.0 = Debug|Win32
		{3E841CBD-D279-40F5-9AE5-09C56D7A901C}.Release|Win32.ActiveCfg = Release|Win32
		{3E841CBD-D279-40F5-9AE5-09C56D7A901C}.Release|Win32.Build.0 = Release|Win32
	EndGlobalSection
	GlobalSection(SolutionProperties) = preSolution
		HideSolutionNode = FALSE
	EndGlobalSection
EndGlobal
